
Microsoft Visual Studio Solution File, Format Version 12.00
# Visual Studio Version 16
VisualStudioVersion = 16.0.33801.447
MinimumVisualStudioVersion = 10.0.40219.1
Project("{FAE04EC0-301F-11D3-BF4B-00C04F79EFBC}") = "Livedon", "Livedon\Livedon.csproj", "{677B6B68-18D4-4370-98DD-FD5F7C7E58FC}"
EndProject
Project("{FAE04EC0-301F-11D3-BF4B-00C04F79EFBC}") = "ActionBehavior.Livet", "..\..\ActionBehavior.Livet\ActionBehavior.Livet.csproj", "{91C6693E-596F-4C85-A8B6-A1907D0CD7F8}"
EndProject
Global
	GlobalSection(SolutionConfigurationPlatforms) = preSolution
		Debug|Any CPU = Debug|Any CPU
		Release|Any CPU = Release|Any CPU
	EndGlobalSection
	GlobalSection(ProjectConfigurationPlatforms) = postSolution
		{677B6B68-18D4-4370-98DD-FD5F7C7E58FC}.Debug|Any CPU.ActiveCfg = Debug|Any CPU
		{677B6B68-18D4-4370-98DD-FD5F7C7E58FC}.Debug|Any CPU.Build.0 = Debug|Any CPU
		{677B6B68-18D4-4370-98DD-FD5F7C7E58FC}.Release|Any CPU.ActiveCfg = Release|Any CPU
		{677B6B68-18D4-4370-98DD-FD5F7C7E58FC}.Release|Any CPU.Build.0 = Release|Any CPU
		{91C6693E-596F-4C85-A8B6-A1907D0CD7F8}.Debug|Any CPU.ActiveCfg = Debug|Any CPU
		{91C6693E-596F-4C85-A8B6-A1907D0CD7F8}.Debug|Any CPU.Build.0 = Debug|Any CPU
		{91C6693E-596F-4C85-A8B6-A1907D0CD7F8}.Release|Any CPU.ActiveCfg = Release|Any CPU
		{91C6693E-596F-4C85-A8B6-A1907D0CD7F8}.Release|Any CPU.Build.0 = Release|Any CPU
	EndGlobalSection
	GlobalSection(SolutionProperties) = preSolution
		HideSolutionNode = FALSE
	EndGlobalSection
	GlobalSection(ExtensibilityGlobals) = postSolution
		SolutionGuid = {E18AF9ED-C723-46E1-86C0-54AFE4F2C9BD}
	EndGlobalSection
EndGlobal
